
Microsoft Visual Studio Solution File, Format Version 12.00
# Visual Studio Version 16
VisualStudioVersion = 16.0.29418.71
MinimumVisualStudioVersion = 10.0.40219.1
Project("{FAE04EC0-301F-11D3-BF4B-00C04F79EFBC}") = "WindowsForm.Console", "src\WindowsForm.Console\WindowsForm.Console.csproj", "{6298AB3A-B82C-4148-ADAF-ADE5F7B7A663}"
EndProject
Project("{2150E333-8FDC-42A3-9474-1A3956D46DE8}") = "src", "src", "{D8D8CE0A-3704-47DB-95C4-19AD19D48D1D}"
EndProject
Project("{2150E333-8FDC-42A3-9474-1A3956D46DE8}") = "SampleProject", "SampleProject", "{8629138E-53EB-4727-945E-5023D3A3D3D2}"
EndProject
Project("{FAE04EC0-301F-11D3-BF4B-00C04F79EFBC}") = "SampleFormApplication", "SampleProject\SampleFormApplication\SampleFormApplication.csproj", "{D6755EDE-9F23-4986-9AD5-A817FBC0A556}"
EndProject
Project("{9A19103F-16F7-4668-BE54-9A1E7A4F7556}") = "SampleFormApplicationCore", "SampleProject\SampleFormApplication\SampleFormApplicationCore.csproj", "{522D6D07-712F-46E7-9D92-3041FB18E68B}"
EndProject
Global
	GlobalSection(SolutionConfigurationPlatforms) = preSolution
		Debug|Any CPU = Debug|Any CPU
		Release|Any CPU = Release|Any CPU
	EndGlobalSection
	GlobalSection(ProjectConfigurationPlatforms) = postSolution
		{6298AB3A-B82C-4148-ADAF-ADE5F7B7A663}.Debug|Any CPU.ActiveCfg = Debug|Any CPU
		{6298AB3A-B82C-4148-ADAF-ADE5F7B7A663}.Debug|Any CPU.Build.0 = Debug|Any CPU
		{6298AB3A-B82C-4148-ADAF-ADE5F7B7A663}.Release|Any CPU.ActiveCfg = Release|Any CPU
		{6298AB3A-B82C-4148-ADAF-ADE5F7B7A663}.Release|Any CPU.Build.0 = Release|Any CPU
		{D6755EDE-9F23-4986-9AD5-A817FBC0A556}.Debug|Any CPU.ActiveCfg = Debug|Any CPU
		{D6755EDE-9F23-4986-9AD5-A817FBC0A556}.Debug|Any CPU.Build.0 = Debug|Any CPU
		{D6755EDE-9F23-4986-9AD5-A817FBC0A556}.Release|Any CPU.ActiveCfg = Release|Any CPU
		{D6755EDE-9F23-4986-9AD5-A817FBC0A556}.Release|Any CPU.Build.0 = Release|Any CPU
		{522D6D07-712F-46E7-9D92-3041FB18E68B}.Debug|Any CPU.ActiveCfg = Debug|Any CPU
		{522D6D07-712F-46E7-9D92-3041FB18E68B}.Debug|Any CPU.Build.0 = Debug|Any CPU
		{522D6D07-712F-46E7-9D92-3041FB18E68B}.Release|Any CPU.ActiveCfg = Release|Any CPU
		{522D6D07-712F-46E7-9D92-3041FB18E68B}.Release|Any CPU.Build.0 = Release|Any CPU
	EndGlobalSection
	GlobalSection(SolutionProperties) = preSolution
		HideSolutionNode = FALSE
	EndGlobalSection
	GlobalSection(NestedProjects) = preSolution
		{6298AB3A-B82C-4148-ADAF-ADE5F7B7A663} = {D8D8CE0A-3704-47DB-95C4-19AD19D48D1D}
		{D6755EDE-9F23-4986-9AD5-A817FBC0A556} = {8629138E-53EB-4727-945E-5023D3A3D3D2}
		{522D6D07-712F-46E7-9D92-3041FB18E68B} = {8629138E-53EB-4727-945E-5023D3A3D3D2}
	EndGlobalSection
	GlobalSection(ExtensibilityGlobals) = postSolution
		SolutionGuid = {363D53B2-6B7C-4590-BC88-555C0FBE0162}
	EndGlobalSection
EndGlobal
